// !$*UTF8*$!
{
	archiveVersion = 1;
	classes = {
	};
	objectVersion = 50;
	objects = {

/* Begin PBXBuildFile section */
		4D74AB01CFFA9ABE11564C9C /* Pods_VirtualTourist.framework in Frameworks */ = {isa = PBXBuildFile; fileRef = 7594529F799A27C6AA379B6B /* Pods_VirtualTourist.framework */; };
		885E09ED2440C82D00AE2B5C /* AppDelegate.swift in Sources */ = {isa = PBXBuildFile; fileRef = 885E09EC2440C82D00AE2B5C /* AppDelegate.swift */; };
		885E09EF2440C82D00AE2B5C /* SceneDelegate.swift in Sources */ = {isa = PBXBuildFile; fileRef = 885E09EE2440C82D00AE2B5C /* SceneDelegate.swift */; };
		885E09F12440C82D00AE2B5C /* TravelLocationsMapViewController.swift in Sources */ = {isa = PBXBuildFile; fileRef = 885E09F02440C82D00AE2B5C /* TravelLocationsMapViewController.swift */; };
		885E09F42440C82D00AE2B5C /* Main.storyboard in Resources */ = {isa = PBXBuildFile; fileRef = 885E09F22440C82D00AE2B5C /* Main.storyboard */; };
		885E09F72440C82D00AE2B5C /* VirtualTourist.xcdatamodeld in Sources */ = {isa = PBXBuildFile; fileRef = 885E09F52440C82D00AE2B5C /* VirtualTourist.xcdatamodeld */; };
		885E09F92440C83000AE2B5C /* Assets.xcassets in Resources */ = {isa = PBXBuildFile; fileRef = 885E09F82440C83000AE2B5C /* Assets.xcassets */; };
		885E09FC2440C83000AE2B5C /* LaunchScreen.storyboard in Resources */ = {isa = PBXBuildFile; fileRef = 885E09FA2440C83000AE2B5C /* LaunchScreen.storyboard */; };
		885E0A082440C8AA00AE2B5C /* PhotoAlbumViewController.swift in Sources */ = {isa = PBXBuildFile; fileRef = 885E0A072440C8AA00AE2B5C /* PhotoAlbumViewController.swift */; };
		8877B3AA244362910080A7F1 /* NetworkParameters.swift in Sources */ = {isa = PBXBuildFile; fileRef = 8877B3A9244362910080A7F1 /* NetworkParameters.swift */; };
		8877B3AC244362AE0080A7F1 /* NetworkGetRequests.swift in Sources */ = {isa = PBXBuildFile; fileRef = 8877B3AB244362AE0080A7F1 /* NetworkGetRequests.swift */; };
		8877B3B2244367680080A7F1 /* PhotosSearchResponse.swift in Sources */ = {isa = PBXBuildFile; fileRef = 8877B3B1244367680080A7F1 /* PhotosSearchResponse.swift */; };
		8877B3B42444AD190080A7F1 /* DataController.swift in Sources */ = {isa = PBXBuildFile; fileRef = 8877B3B32444AD190080A7F1 /* DataController.swift */; };
		8877B3B62445D0140080A7F1 /* PinExtension.swift in Sources */ = {isa = PBXBuildFile; fileRef = 8877B3B52445D0140080A7F1 /* PinExtension.swift */; };
		88B05A3C2440CC7E00026434 /* PhotoAlbumCollectionViewCell.swift in Sources */ = {isa = PBXBuildFile; fileRef = 88B05A3B2440CC7E00026434 /* PhotoAlbumCollectionViewCell.swift */; };
/* End PBXBuildFile section */

/* Begin PBXFileReference section */
		7594529F799A27C6AA379B6B /* Pods_VirtualTourist.framework */ = {isa = PBXFileReference; explicitFileType = wrapper.framework; includeInIndex = 0; path = Pods_VirtualTourist.framework; sourceTree = BUILT_PRODUCTS_DIR; };
		885E09E92440C82D00AE2B5C /* VirtualTourist.app */ = {isa = PBXFileReference; explicitFileType = wrapper.application; includeInIndex = 0; path = VirtualTourist.app; sourceTree = BUILT_PRODUCTS_DIR; };
		885E09EC2440C82D00AE2B5C /* AppDelegate.swift */ = {isa = PBXFileReference; lastKnownFileType = sourcecode.swift; path = AppDelegate.swift; sourceTree = "<group>"; };
		885E09EE2440C82D00AE2B5C /* SceneDelegate.swift */ = {isa = PBXFileReference; lastKnownFileType = sourcecode.swift; path = SceneDelegate.swift; sourceTree = "<group>"; };
		885E09F02440C82D00AE2B5C /* TravelLocationsMapViewController.swift */ = {isa = PBXFileReference; lastKnownFileType = sourcecode.swift; path = TravelLocationsMapViewController.swift; sourceTree = "<group>"; };
		885E09F32440C82D00AE2B5C /* Base */ = {isa = PBXFileReference; lastKnownFileType = file.storyboard; name = Base; path = Base.lproj/Main.storyboard; sourceTree = "<group>"; };
		885E09F62440C82D00AE2B5C /* VirtualTourist.xcdatamodel */ = {isa = PBXFileReference; lastKnownFileType = wrapper.xcdatamodel; path = VirtualTourist.xcdatamodel; sourceTree = "<group>"; };
		885E09F82440C83000AE2B5C /* Assets.xcassets */ = {isa = PBXFileReference; lastKnownFileType = folder.assetcatalog; path = Assets.xcassets; sourceTree = "<group>"; };
		885E09FB2440C83000AE2B5C /* Base */ = {isa = PBXFileReference; lastKnownFileType = file.storyboard; name = Base; path = Base.lproj/LaunchScreen.storyboard; sourceTree = "<group>"; };
		885E09FD2440C83000AE2B5C /* Info.plist */ = {isa = PBXFileReference; lastKnownFileType = text.plist.xml; path = Info.plist; sourceTree = "<group>"; };
		885E0A072440C8AA00AE2B5C /* PhotoAlbumViewController.swift */ = {isa = PBXFileReference; lastKnownFileType = sourcecode.swift; path = PhotoAlbumViewController.swift; sourceTree = "<group>"; };
		8877B3A9244362910080A7F1 /* NetworkParameters.swift */ = {isa = PBXFileReference; lastKnownFileType = sourcecode.swift; path = NetworkParameters.swift; sourceTree = "<group>"; };
		8877B3AB244362AE0080A7F1 /* NetworkGetRequests.swift */ = {isa = PBXFileReference; lastKnownFileType = sourcecode.swift; path = NetworkGetRequests.swift; sourceTree = "<group>"; };
		8877B3B1244367680080A7F1 /* PhotosSearchResponse.swift */ = {isa = PBXFileReference; lastKnownFileType = sourcecode.swift; path = PhotosSearchResponse.swift; sourceTree = "<group>"; };
		8877B3B32444AD190080A7F1 /* DataController.swift */ = {isa = PBXFileReference; lastKnownFileType = sourcecode.swift; path = DataController.swift; sourceTree = "<group>"; };
		8877B3B52445D0140080A7F1 /* PinExtension.swift */ = {isa = PBXFileReference; lastKnownFileType = sourcecode.swift; path = PinExtension.swift; sourceTree = "<group>"; };
		88B05A3B2440CC7E00026434 /* PhotoAlbumCollectionViewCell.swift */ = {isa = PBXFileReference; lastKnownFileType = sourcecode.swift; path = PhotoAlbumCollectionViewCell.swift; sourceTree = "<group>"; };
		BAD4040B38B25280F464E596 /* Pods-VirtualTourist.debug.xcconfig */ = {isa = PBXFileReference; includeInIndex = 1; lastKnownFileType = text.xcconfig; name = "Pods-VirtualTourist.debug.xcconfig"; path = "Target Support Files/Pods-VirtualTourist/Pods-VirtualTourist.debug.xcconfig"; sourceTree = "<group>"; };
		E662742745633070D3634E5E /* Pods-VirtualTourist.release.xcconfig */ = {isa = PBXFileReference; includeInIndex = 1; lastKnownFileType = text.xcconfig; name = "Pods-VirtualTourist.release.xcconfig"; path = "Target Support Files/Pods-VirtualTourist/Pods-VirtualTourist.release.xcconfig"; sourceTree = "<group>"; };
/* End PBXFileReference section */

/* Begin PBXFrameworksBuildPhase section */
		885E09E62440C82D00AE2B5C /* Frameworks */ = {
			isa = PBXFrameworksBuildPhase;
			buildActionMask = 2147483647;
			files = (
				4D74AB01CFFA9ABE11564C9C /* Pods_VirtualTourist.framework in Frameworks */,
			);
			runOnlyForDeploymentPostprocessing = 0;
		};
/* End PBXFrameworksBuildPhase section */

/* Begin PBXGroup section */
		092071131FD1932D24C333CD /* Frameworks */ = {
			isa = PBXGroup;
			children = (
				7594529F799A27C6AA379B6B /* Pods_VirtualTourist.framework */,
			);
			name = Frameworks;
			sourceTree = "<group>";
		};
		63C1ACA90AC76FC603A3378B /* Pods */ = {
			isa = PBXGroup;
			children = (
				BAD4040B38B25280F464E596 /* Pods-VirtualTourist.debug.xcconfig */,
				E662742745633070D3634E5E /* Pods-VirtualTourist.release.xcconfig */,
			);
			name = Pods;
			path = Pods;
			sourceTree = "<group>";
		};
		885E09E02440C82D00AE2B5C = {
			isa = PBXGroup;
			children = (
				885E09EB2440C82D00AE2B5C /* VirtualTourist */,
				885E09EA2440C82D00AE2B5C /* Products */,
				63C1ACA90AC76FC603A3378B /* Pods */,
				092071131FD1932D24C333CD /* Frameworks */,
			);
			sourceTree = "<group>";
		};
		885E09EA2440C82D00AE2B5C /* Products */ = {
			isa = PBXGroup;
			children = (
				885E09E92440C82D00AE2B5C /* VirtualTourist.app */,
			);
			name = Products;
			sourceTree = "<group>";
		};
		885E09EB2440C82D00AE2B5C /* VirtualTourist */ = {
			isa = PBXGroup;
			children = (
				885E09EC2440C82D00AE2B5C /* AppDelegate.swift */,
				885E09EE2440C82D00AE2B5C /* SceneDelegate.swift */,
				885E09FD2440C83000AE2B5C /* Info.plist */,
				885E0A032440C83600AE2B5C /* Model */,
				885E0A042440C83B00AE2B5C /* View */,
				885E0A052440C83E00AE2B5C /* Controller */,
				885E0A062440C85300AE2B5C /* Assets */,
			);
			path = VirtualTourist;
			sourceTree = "<group>";
		};
		885E0A032440C83600AE2B5C /* Model */ = {
			isa = PBXGroup;
			children = (
				885E09F52440C82D00AE2B5C /* VirtualTourist.xcdatamodeld */,
				8877B3A9244362910080A7F1 /* NetworkParameters.swift */,
				8877B3B32444AD190080A7F1 /* DataController.swift */,
				8877B3B52445D0140080A7F1 /* PinExtension.swift */,
				8877B3AB244362AE0080A7F1 /* NetworkGetRequests.swift */,
				8877B3AD2443661B0080A7F1 /* ResponseStructs */,
			);
			path = Model;
			sourceTree = "<group>";
		};
		885E0A042440C83B00AE2B5C /* View */ = {
			isa = PBXGroup;
			children = (
				88B05A3B2440CC7E00026434 /* PhotoAlbumCollectionViewCell.swift */,
			);
			path = View;
			sourceTree = "<group>";
		};
		885E0A052440C83E00AE2B5C /* Controller */ = {
			isa = PBXGroup;
			children = (
				885E09F02440C82D00AE2B5C /* TravelLocationsMapViewController.swift */,
				885E0A072440C8AA00AE2B5C /* PhotoAlbumViewController.swift */,
			);
			path = Controller;
			sourceTree = "<group>";
		};
		885E0A062440C85300AE2B5C /* Assets */ = {
			isa = PBXGroup;
			children = (
				885E09F82440C83000AE2B5C /* Assets.xcassets */,
				885E09F22440C82D00AE2B5C /* Main.storyboard */,
				885E09FA2440C83000AE2B5C /* LaunchScreen.storyboard */,
			);
			path = Assets;
			sourceTree = "<group>";
		};
		8877B3AD2443661B0080A7F1 /* ResponseStructs */ = {
			isa = PBXGroup;
			children = (
				8877B3B1244367680080A7F1 /* PhotosSearchResponse.swift */,
			);
			path = ResponseStructs;
			sourceTree = "<group>";
		};
/* End PBXGroup section */

/* Begin PBXNativeTarget section */
		885E09E82440C82D00AE2B5C /* VirtualTourist */ = {
			isa = PBXNativeTarget;
			buildConfigurationList = 885E0A002440C83000AE2B5C /* Build configuration list for PBXNativeTarget "VirtualTourist" */;
			buildPhases = (
				7C0F55D64458E9DC58E87918 /* [CP] Check Pods Manifest.lock */,
				885E09E52440C82D00AE2B5C /* Sources */,
				885E09E62440C82D00AE2B5C /* Frameworks */,
				885E09E72440C82D00AE2B5C /* Resources */,
				A7B97F05CEC2C4897BB62F71 /* [CP] Embed Pods Frameworks */,
			);
			buildRules = (
			);
			dependencies = (
			);
			name = VirtualTourist;
			productName = VirtualTourist;
			productReference = 885E09E92440C82D00AE2B5C /* VirtualTourist.app */;
			productType = "com.apple.product-type.application";
		};
/* End PBXNativeTarget section */

/* Begin PBXProject section */
		885E09E12440C82D00AE2B5C /* Project object */ = {
			isa = PBXProject;
			attributes = {
				LastSwiftUpdateCheck = 1140;
				LastUpgradeCheck = 1140;
				ORGANIZATIONNAME = "Sumair Zamir";
				TargetAttributes = {
					885E09E82440C82D00AE2B5C = {
						CreatedOnToolsVersion = 11.4;
					};
				};
			};
			buildConfigurationList = 885E09E42440C82D00AE2B5C /* Build configuration list for PBXProject "VirtualTourist" */;
			compatibilityVersion = "Xcode 9.3";
			developmentRegion = en;
			hasScannedForEncodings = 0;
			knownRegions = (
				en,
				Base,
			);
			mainGroup = 885E09E02440C82D00AE2B5C;
			productRefGroup = 885E09EA2440C82D00AE2B5C /* Products */;
			projectDirPath = "";
			projectRoot = "";
			targets = (
				885E09E82440C82D00AE2B5C /* VirtualTourist */,
			);
		};
/* End PBXProject section */

/* Begin PBXResourcesBuildPhase section */
		885E09E72440C82D00AE2B5C /* Resources */ = {
			isa = PBXResourcesBuildPhase;
			buildActionMask = 2147483647;
			files = (
				885E09FC2440C83000AE2B5C /* LaunchScreen.storyboard in Resources */,
				885E09F92440C83000AE2B5C /* Assets.xcassets in Resources */,
				885E09F42440C82D00AE2B5C /* Main.storyboard in Resources */,
			);
			runOnlyForDeploymentPostprocessing = 0;
		};
/* End PBXResourcesBuildPhase section */

/* Begin PBXShellScriptBuildPhase section */
		7C0F55D64458E9DC58E87918 /* [CP] Check Pods Manifest.lock */ = {
			isa = PBXShellScriptBuildPhase;
			buildActionMask = 2147483647;
			files = (
			);
			inputFileListPaths = (
			);
			inputPaths = (
				"${PODS_PODFILE_DIR_PATH}/Podfile.lock",
				"${PODS_ROOT}/Manifest.lock",
			);
			name = "[CP] Check Pods Manifest.lock";
			outputFileListPaths = (
			);
			outputPaths = (
				"$(DERIVED_FILE_DIR)/Pods-VirtualTourist-checkManifestLockResult.txt",
			);
			runOnlyForDeploymentPostprocessing = 0;
			shellPath = /bin/sh;
			shellScript = "diff \"${PODS_PODFILE_DIR_PATH}/Podfile.lock\" \"${PODS_ROOT}/Manifest.lock\" > /dev/null\nif [ $? != 0 ] ; then\n    # print error to STDERR\n    echo \"error: The sandbox is not in sync with the Podfile.lock. Run 'pod install' or update your CocoaPods installation.\" >&2\n    exit 1\nfi\n# This output is used by Xcode 'outputs' to avoid re-running this script phase.\necho \"SUCCESS\" > \"${SCRIPT_OUTPUT_FILE_0}\"\n";
			showEnvVarsInLog = 0;
		};
		A7B97F05CEC2C4897BB62F71 /* [CP] Embed Pods Frameworks */ = {
			isa = PBXShellScriptBuildPhase;
			buildActionMask = 2147483647;
			files = (
			);
			inputFileListPaths = (
				"${PODS_ROOT}/Target Support Files/Pods-VirtualTourist/Pods-VirtualTourist-frameworks-${CONFIGURATION}-input-files.xcfilelist",
			);
			name = "[CP] Embed Pods Frameworks";
			outputFileListPaths = (
				"${PODS_ROOT}/Target Support Files/Pods-VirtualTourist/Pods-VirtualTourist-frameworks-${CONFIGURATION}-output-files.xcfilelist",
			);
			runOnlyForDeploymentPostprocessing = 0;
			shellPath = /bin/sh;
			shellScript = "\"${PODS_ROOT}/Target Support Files/Pods-VirtualTourist/Pods-VirtualTourist-frameworks.sh\"\n";
			showEnvVarsInLog = 0;
		};
/* End PBXShellScriptBuildPhase section */

/* Begin PBXSourcesBuildPhase section */
		885E09E52440C82D00AE2B5C /* Sources */ = {
			isa = PBXSourcesBuildPhase;
			buildActionMask = 2147483647;
			files = (
				885E09F72440C82D00AE2B5C /* VirtualTourist.xcdatamodeld in Sources */,
				8877B3AC244362AE0080A7F1 /* NetworkGetRequests.swift in Sources */,
				885E09F12440C82D00AE2B5C /* TravelLocationsMapViewController.swift in Sources */,
				885E09ED2440C82D00AE2B5C /* AppDelegate.swift in Sources */,
				885E0A082440C8AA00AE2B5C /* PhotoAlbumViewController.swift in Sources */,
				8877B3B42444AD190080A7F1 /* DataController.swift in Sources */,
				885E09EF2440C82D00AE2B5C /* SceneDelegate.swift in Sources */,
				8877B3B2244367680080A7F1 /* PhotosSearchResponse.swift in Sources */,
				88B05A3C2440CC7E00026434 /* PhotoAlbumCollectionViewCell.swift in Sources */,
				8877B3B62445D0140080A7F1 /* PinExtension.swift in Sources */,
				8877B3AA244362910080A7F1 /* NetworkParameters.swift in Sources */,
			);
			runOnlyForDeploymentPostprocessing = 0;
		};
/* End PBXSourcesBuildPhase section */

/* Begin PBXVariantGroup section */
		885E09F22440C82D00AE2B5C /* Main.storyboard */ = {
			isa = PBXVariantGroup;
			children = (
				885E09F32440C82D00AE2B5C /* Base */,
			);
			name = Main.storyboard;
			sourceTree = "<group>";
		};
		885E09FA2440C83000AE2B5C /* LaunchScreen.storyboard */ = {
			isa = PBXVariantGroup;
			children = (
				885E09FB2440C83000AE2B5C /* Base */,
			);
			name = LaunchScreen.storyboard;
			sourceTree = "<group>";
		};
/* End PBXVariantGroup section */

/* Begin XCBuildConfiguration section */
		885E09FE2440C83000AE2B5C /* Debug */ = {
			isa = XCBuildConfiguration;
			buildSettings = {
				ALWAYS_SEARCH_USER_PATHS = NO;
				CLANG_ANALYZER_NONNULL = YES;
				CLANG_ANALYZER_NUMBER_OBJECT_CONVERSION = YES_AGGRESSIVE;
				CLANG_CXX_LANGUAGE_STANDARD = "gnu++14";
				CLANG_CXX_LIBRARY = "libc++";
				CLANG_ENABLE_MODULES = YES;
				CLANG_ENABLE_OBJC_ARC = YES;
				CLANG_ENABLE_OBJC_WEAK = YES;
				CLANG_WARN_BLOCK_CAPTURE_AUTORELEASING = YES;
				CLANG_WARN_BOOL_CONVERSION = YES;
				CLANG_WARN_COMMA = YES;
				CLANG_WARN_CONSTANT_CONVERSION = YES;
				CLANG_WARN_DEPRECATED_OBJC_IMPLEMENTATIONS = YES;
				CLANG_WARN_DIRECT_OBJC_ISA_USAGE = YES_ERROR;
				CLANG_WARN_DOCUMENTATION_COMMENTS = YES;
				CLANG_WARN_EMPTY_BODY = YES;
				CLANG_WARN_ENUM_CONVERSION = YES;
				CLANG_WARN_INFINITE_RECURSION = YES;
				CLANG_WARN_INT_CONVERSION = YES;
				CLANG_WARN_NON_LITERAL_NULL_CONVERSION = YES;
				CLANG_WARN_OBJC_IMPLICIT_RETAIN_SELF = YES;
				CLANG_WARN_OBJC_LITERAL_CONVERSION = YES;
				CLANG_WARN_OBJC_ROOT_CLASS = YES_ERROR;
				CLANG_WARN_RANGE_LOOP_ANALYSIS = YES;
				CLANG_WARN_STRICT_PROTOTYPES = YES;
				CLANG_WARN_SUSPICIOUS_MOVE = YES;
				CLANG_WARN_UNGUARDED_AVAILABILITY = YES_AGGRESSIVE;
				CLANG_WARN_UNREACHABLE_CODE = YES;
				CLANG_WARN__DUPLICATE_METHOD_MATCH = YES;
				COPY_PHASE_STRIP = NO;
				DEBUG_INFORMATION_FORMAT = dwarf;
				ENABLE_STRICT_OBJC_MSGSEND = YES;
				ENABLE_TESTABILITY = YES;
				GCC_C_LANGUAGE_STANDARD = gnu11;
				GCC_DYNAMIC_NO_PIC = NO;
				GCC_NO_COMMON_BLOCKS = YES;
				GCC_OPTIMIZATION_LEVEL = 0;
				GCC_PREPROCESSOR_DEFINITIONS = (
					"DEBUG=1",
					"$(inherited)",
				);
				GCC_WARN_64_TO_32_BIT_CONVERSION = YES;
				GCC_WARN_ABOUT_RETURN_TYPE = YES_ERROR;
				GCC_WARN_UNDECLARED_SELECTOR = YES;
				GCC_WARN_UNINITIALIZED_AUTOS = YES_AGGRESSIVE;
				GCC_WARN_UNUSED_FUNCTION = YES;
				GCC_WARN_UNUSED_VARIABLE = YES;
				IPHONEOS_DEPLOYMENT_TARGET = 13.4;
				MTL_ENABLE_DEBUG_INFO = INCLUDE_SOURCE;
				MTL_FAST_MATH = YES;
				ONLY_ACTIVE_ARCH = YES;
				SDKROOT = iphoneos;
				SWIFT_ACTIVE_COMPILATION_CONDITIONS = DEBUG;
				SWIFT_OPTIMIZATION_LEVEL = "-Onone";
			};
			name = Debug;
		};
		885E09FF2440C83000AE2B5C /* Release */ = {
			isa = XCBuildConfiguration;
			buildSettings = {
				ALWAYS_SEARCH_USER_PATHS = NO;
				CLANG_ANALYZER_NONNULL = YES;
				CLANG_ANALYZER_NUMBER_OBJECT_CONVERSION = YES_AGGRESSIVE;
				CLANG_CXX_LANGUAGE_STANDARD = "gnu++14";
				CLANG_CXX_LIBRARY = "libc++";
				CLANG_ENABLE_MODULES = YES;
				CLANG_ENABLE_OBJC_ARC = YES;
				CLANG_ENABLE_OBJC_WEAK = YES;
				CLANG_WARN_BLOCK_CAPTURE_AUTORELEASING = YES;
				CLANG_WARN_BOOL_CONVERSION = YES;
				CLANG_WARN_COMMA = YES;
				CLANG_WARN_CONSTANT_CONVERSION = YES;
				CLANG_WARN_DEPRECATED_OBJC_IMPLEMENTATIONS = YES;
				CLANG_WARN_DIRECT_OBJC_ISA_USAGE = YES_ERROR;
				CLANG_WARN_DOCUMENTATION_COMMENTS = YES;
				CLANG_WARN_EMPTY_BODY = YES;
				CLANG_WARN_ENUM_CONVERSION = YES;
				CLANG_WARN_INFINITE_RECURSION = YES;
				CLANG_WARN_INT_CONVERSION = YES;
				CLANG_WARN_NON_LITERAL_NULL_CONVERSION = YES;
				CLANG_WARN_OBJC_IMPLICIT_RETAIN_SELF = YES;
				CLANG_WARN_OBJC_LITERAL_CONVERSION = YES;
				CLANG_WARN_OBJC_ROOT_CLASS = YES_ERROR;
				CLANG_WARN_RANGE_LOOP_ANALYSIS = YES;
				CLANG_WARN_STRICT_PROTOTYPES = YES;
				CLANG_WARN_SUSPICIOUS_MOVE = YES;
				CLANG_WARN_UNGUARDED_AVAILABILITY = YES_AGGRESSIVE;
				CLANG_WARN_UNREACHABLE_CODE = YES;
				CLANG_WARN__DUPLICATE_METHOD_MATCH = YES;
				COPY_PHASE_STRIP = NO;
				DEBUG_INFORMATION_FORMAT = "dwarf-with-dsym";
				ENABLE_NS_ASSERTIONS = NO;
				ENABLE_STRICT_OBJC_MSGSEND = YES;
				GCC_C_LANGUAGE_STANDARD = gnu11;
				GCC_NO_COMMON_BLOCKS = YES;
				GCC_WARN_64_TO_32_BIT_CONVERSION = YES;
				GCC_WARN_ABOUT_RETURN_TYPE = YES_ERROR;
				GCC_WARN_UNDECLARED_SELECTOR = YES;
				GCC_WARN_UNINITIALIZED_AUTOS = YES_AGGRESSIVE;
				GCC_WARN_UNUSED_FUNCTION = YES;
				GCC_WARN_UNUSED_VARIABLE = YES;
				IPHONEOS_DEPLOYMENT_TARGET = 13.4;
				MTL_ENABLE_DEBUG_INFO = NO;
				MTL_FAST_MATH = YES;
				SDKROOT = iphoneos;
				SWIFT_COMPILATION_MODE = wholemodule;
				SWIFT_OPTIMIZATION_LEVEL = "-O";
				VALIDATE_PRODUCT = YES;
			};
			name = Release;
		};
		885E0A012440C83000AE2B5C /* Debug */ = {
			isa = XCBuildConfiguration;
			baseConfigurationReference = BAD4040B38B25280F464E596 /* Pods-VirtualTourist.debug.xcconfig */;
			buildSettings = {
				ASSETCATALOG_COMPILER_APPICON_NAME = AppIcon;
				CODE_SIGN_STYLE = Automatic;
				DEVELOPMENT_TEAM = 2AMAMNTQA2;
				INFOPLIST_FILE = VirtualTourist/Info.plist;
				LD_RUNPATH_SEARCH_PATHS = (
					"$(inherited)",
					"@executable_path/Frameworks",
				);
				PRODUCT_BUNDLE_IDENTIFIER = com.sumair.VirtualTourist;
				PRODUCT_NAME = "$(TARGET_NAME)";
				SWIFT_VERSION = 5.0;
				TARGETED_DEVICE_FAMILY = "1,2";
			};
			name = Debug;
		};
		885E0A022440C83000AE2B5C /* Release */ = {
			isa = XCBuildConfiguration;
			baseConfigurationReference = E662742745633070D3634E5E /* Pods-VirtualTourist.release.xcconfig */;
			buildSettings = {
				ASSETCATALOG_COMPILER_APPICON_NAME = AppIcon;
				CODE_SIGN_STYLE = Automatic;
				DEVELOPMENT_TEAM = 2AMAMNTQA2;
				INFOPLIST_FILE = VirtualTourist/Info.plist;
				LD_RUNPATH_SEARCH_PATHS = (
					"$(inherited)",
					"@executable_path/Frameworks",
				);
				PRODUCT_BUNDLE_IDENTIFIER = com.sumair.VirtualTourist;
				PRODUCT_NAME = "$(TARGET_NAME)";
				SWIFT_VERSION = 5.0;
				TARGETED_DEVICE_FAMILY = "1,2";
			};
			name = Release;
		};
/* End XCBuildConfiguration section */

/* Begin XCConfigurationList section */
		885E09E42440C82D00AE2B5C /* Build configuration list for PBXProject "VirtualTourist" */ = {
			isa = XCConfigurationList;
			buildConfigurations = (
				885E09FE2440C83000AE2B5C /* Debug */,
				885E09FF2440C83000AE2B5C /* Release */,
			);
			defaultConfigurationIsVisible = 0;
			defaultConfigurationName = Release;
		};
		885E0A002440C83000AE2B5C /* Build configuration list for PBXNativeTarget "VirtualTourist" */ = {
			isa = XCConfigurationList;
			buildConfigurations = (
				885E0A012440C83000AE2B5C /* Debug */,
				885E0A022440C83000AE2B5C /* Release */,
			);
			defaultConfigurationIsVisible = 0;
			defaultConfigurationName = Release;
		};
/* End XCConfigurationList section */

/* Begin XCVersionGroup section */
		885E09F52440C82D00AE2B5C /* VirtualTourist.xcdatamodeld */ = {
			isa = XCVersionGroup;
			children = (
				885E09F62440C82D00AE2B5C /* VirtualTourist.xcdatamodel */,
			);
			currentVersion = 885E09F62440C82D00AE2B5C /* VirtualTourist.xcdatamodel */;
			path = VirtualTourist.xcdatamodeld;
			sourceTree = "<group>";
			versionGroupType = wrapper.xcdatamodel;
		};
/* End XCVersionGroup section */
	};
	rootObject = 885E09E12440C82D00AE2B5C /* Project object */;
}
